// !$*UTF8*$!
{
	archiveVersion = 1;
	classes = {
	};
	objectVersion = 46;
	objects = {

/* Begin PBXBuildFile section */
		FB2ECE4B1F8E13EB00727674 /* AppDelegate.swift in Sources */ = {isa = PBXBuildFile; fileRef = FB2ECE4A1F8E13EB00727674 /* AppDelegate.swift */; };
		FB2ECE4D1F8E13EB00727674 /* ViewController.swift in Sources */ = {isa = PBXBuildFile; fileRef = FB2ECE4C1F8E13EB00727674 /* ViewController.swift */; };
		FB2ECE501F8E13EB00727674 /* Main.storyboard in Resources */ = {isa = PBXBuildFile; fileRef = FB2ECE4E1F8E13EB00727674 /* Main.storyboard */; };
		FB2ECE521F8E13EB00727674 /* Assets.xcassets in Resources */ = {isa = PBXBuildFile; fileRef = FB2ECE511F8E13EB00727674 /* Assets.xcassets */; };
		FB2ECE551F8E13EB00727674 /* LaunchScreen.storyboard in Resources */ = {isa = PBXBuildFile; fileRef = FB2ECE531F8E13EB00727674 /* LaunchScreen.storyboard */; };
		FB2ECE601F8E13EB00727674 /* locatmeDemoTests.swift in Sources */ = {isa = PBXBuildFile; fileRef = FB2ECE5F1F8E13EB00727674 /* locatmeDemoTests.swift */; };
		FB2ECE6B1F8E13EB00727674 /* locatmeDemoUITests.swift in Sources */ = {isa = PBXBuildFile; fileRef = FB2ECE6A1F8E13EB00727674 /* locatmeDemoUITests.swift */; };
/* End PBXBuildFile section */

/* Begin PBXContainerItemProxy section */
		FB2ECE5C1F8E13EB00727674 /* PBXContainerItemProxy */ = {
			isa = PBXContainerItemProxy;
			containerPortal = FB2ECE3F1F8E13EB00727674 /* Project object */;
			proxyType = 1;
			remoteGlobalIDString = FB2ECE461F8E13EB00727674;
			remoteInfo = locatmeDemo;
		};
		FB2ECE671F8E13EB00727674 /* PBXContainerItemProxy */ = {
			isa = PBXContainerItemProxy;
			containerPortal = FB2ECE3F1F8E13EB00727674 /* Project object */;
			proxyType = 1;
			remoteGlobalIDString = FB2ECE461F8E13EB00727674;
			remoteInfo = locatmeDemo;
		};
/* End PBXContainerItemProxy section */

/* Begin PBXFileReference section */
		FB2ECE471F8E13EB00727674 /* locatmeDemo.app */ = {isa = PBXFileReference; explicitFileType = wrapper.application; includeInIndex = 0; path = locatmeDemo.app; sourceTree = BUILT_PRODUCTS_DIR; };
		FB2ECE4A1F8E13EB00727674 /* AppDelegate.swift */ = {isa = PBXFileReference; lastKnownFileType = sourcecode.swift; path = AppDelegate.swift; sourceTree = "<group>"; };
		FB2ECE4C1F8E13EB00727674 /* ViewController.swift */ = {isa = PBXFileReference; lastKnownFileType = sourcecode.swift; path = ViewController.swift; sourceTree = "<group>"; };
		FB2ECE4F1F8E13EB00727674 /* Base */ = {isa = PBXFileReference; lastKnownFileType = file.storyboard; name = Base; path = Base.lproj/Main.storyboard; sourceTree = "<group>"; };
		FB2ECE511F8E13EB00727674 /* Assets.xcassets */ = {isa = PBXFileReference; lastKnownFileType = folder.assetcatalog; path = Assets.xcassets; sourceTree = "<group>"; };
		FB2ECE541F8E13EB00727674 /* Base */ = {isa = PBXFileReference; lastKnownFileType = file.storyboard; name = Base; path = Base.lproj/LaunchScreen.storyboard; sourceTree = "<group>"; };
		FB2ECE561F8E13EB00727674 /* Info.plist */ = {isa = PBXFileReference; lastKnownFileType = text.plist.xml; path = Info.plist; sourceTree = "<group>"; };
		FB2ECE5B1F8E13EB00727674 /* locatmeDemoTests.xctest */ = {isa = PBXFileReference; explicitFileType = wrapper.cfbundle; includeInIndex = 0; path = locatmeDemoTests.xctest; sourceTree = BUILT_PRODUCTS_DIR; };
		FB2ECE5F1F8E13EB00727674 /* locatmeDemoTests.swift */ = {isa = PBXFileReference; lastKnownFileType = sourcecode.swift; path = locatmeDemoTests.swift; sourceTree = "<group>"; };
		FB2ECE611F8E13EB00727674 /* Info.plist */ = {isa = PBXFileReference; lastKnownFileType = text.plist.xml; path = Info.plist; sourceTree = "<group>"; };
		FB2ECE661F8E13EB00727674 /* locatmeDemoUITests.xctest */ = {isa = PBXFileReference; explicitFileType = wrapper.cfbundle; includeInIndex = 0; path = locatmeDemoUITests.xctest; sourceTree = BUILT_PRODUCTS_DIR; };
		FB2ECE6A1F8E13EB00727674 /* locatmeDemoUITests.swift */ = {isa = PBXFileReference; lastKnownFileType = sourcecode.swift; path = locatmeDemoUITests.swift; sourceTree = "<group>"; };
		FB2ECE6C1F8E13EB00727674 /* Info.plist */ = {isa = PBXFileReference; lastKnownFileType = text.plist.xml; path = Info.plist; sourceTree = "<group>"; };
/* End PBXFileReference section */

/* Begin PBXFrameworksBuildPhase section */
		FB2ECE441F8E13EB00727674 /* Frameworks */ = {
			isa = PBXFrameworksBuildPhase;
			buildActionMask = 2147483647;
			files = (
			);
			runOnlyForDeploymentPostprocessing = 0;
		};
		FB2ECE581F8E13EB00727674 /* Frameworks */ = {
			isa = PBXFrameworksBuildPhase;
			buildActionMask = 2147483647;
			files = (
			);
			runOnlyForDeploymentPostprocessing = 0;
		};
		FB2ECE631F8E13EB00727674 /* Frameworks */ = {
			isa = PBXFrameworksBuildPhase;
			buildActionMask = 2147483647;
			files = (
			);
			runOnlyForDeploymentPostprocessing = 0;
		};
/* End PBXFrameworksBuildPhase section */

/* Begin PBXGroup section */
		FB2ECE3E1F8E13EB00727674 = {
			isa = PBXGroup;
			children = (
				FB2ECE491F8E13EB00727674 /* locatmeDemo */,
				FB2ECE5E1F8E13EB00727674 /* locatmeDemoTests */,
				FB2ECE691F8E13EB00727674 /* locatmeDemoUITests */,
				FB2ECE481F8E13EB00727674 /* Products */,
			);
			sourceTree = "<group>";
		};
		FB2ECE481F8E13EB00727674 /* Products */ = {
			isa = PBXGroup;
			children = (
				FB2ECE471F8E13EB00727674 /* locatmeDemo.app */,
				FB2ECE5B1F8E13EB00727674 /* locatmeDemoTests.xctest */,
				FB2ECE661F8E13EB00727674 /* locatmeDemoUITests.xctest */,
			);
			name = Products;
			sourceTree = "<group>";
		};
		FB2ECE491F8E13EB00727674 /* locatmeDemo */ = {
			isa = PBXGroup;
			children = (
				FB2ECE4A1F8E13EB00727674 /* AppDelegate.swift */,
				FB2ECE4C1F8E13EB00727674 /* ViewController.swift */,
				FB2ECE4E1F8E13EB00727674 /* Main.storyboard */,
				FB2ECE511F8E13EB00727674 /* Assets.xcassets */,
				FB2ECE531F8E13EB00727674 /* LaunchScreen.storyboard */,
				FB2ECE561F8E13EB00727674 /* Info.plist */,
			);
			path = locatmeDemo;
			sourceTree = "<group>";
		};
		FB2ECE5E1F8E13EB00727674 /* locatmeDemoTests */ = {
			isa = PBXGroup;
			children = (
				FB2ECE5F1F8E13EB00727674 /* locatmeDemoTests.swift */,
				FB2ECE611F8E13EB00727674 /* Info.plist */,
			);
			path = locatmeDemoTests;
			sourceTree = "<group>";
		};
		FB2ECE691F8E13EB00727674 /* locatmeDemoUITests */ = {
			isa = PBXGroup;
			children = (
				FB2ECE6A1F8E13EB00727674 /* locatmeDemoUITests.swift */,
				FB2ECE6C1F8E13EB00727674 /* Info.plist */,
			);
			path = locatmeDemoUITests;
			sourceTree = "<group>";
		};
/* End PBXGroup section */

/* Begin PBXNativeTarget section */
		FB2ECE461F8E13EB00727674 /* locatmeDemo */ = {
			isa = PBXNativeTarget;
			buildConfigurationList = FB2ECE6F1F8E13EB00727674 /* Build configuration list for PBXNativeTarget "locatmeDemo" */;
			buildPhases = (
				FB2ECE431F8E13EB00727674 /* Sources */,
				FB2ECE441F8E13EB00727674 /* Frameworks */,
				FB2ECE451F8E13EB00727674 /* Resources */,
			);
			buildRules = (
			);
			dependencies = (
			);
			name = locatmeDemo;
			productName = locatmeDemo;
			productReference = FB2ECE471F8E13EB00727674 /* locatmeDemo.app */;
			productType = "com.apple.product-type.application";
		};
		FB2ECE5A1F8E13EB00727674 /* locatmeDemoTests */ = {
			isa = PBXNativeTarget;
			buildConfigurationList = FB2ECE721F8E13EB00727674 /* Build configuration list for PBXNativeTarget "locatmeDemoTests" */;
			buildPhases = (
				FB2ECE571F8E13EB00727674 /* Sources */,
				FB2ECE581F8E13EB00727674 /* Frameworks */,
				FB2ECE591F8E13EB00727674 /* Resources */,
			);
			buildRules = (
			);
			dependencies = (
				FB2ECE5D1F8E13EB00727674 /* PBXTargetDependency */,
			);
			name = locatmeDemoTests;
			productName = locatmeDemoTests;
			productReference = FB2ECE5B1F8E13EB00727674 /* locatmeDemoTests.xctest */;
			productType = "com.apple.product-type.bundle.unit-test";
		};
		FB2ECE651F8E13EB00727674 /* locatmeDemoUITests */ = {
			isa = PBXNativeTarget;
			buildConfigurationList = FB2ECE751F8E13EB00727674 /* Build configuration list for PBXNativeTarget "locatmeDemoUITests" */;
			buildPhases = (
				FB2ECE621F8E13EB00727674 /* Sources */,
				FB2ECE631F8E13EB00727674 /* Frameworks */,
				FB2ECE641F8E13EB00727674 /* Resources */,
			);
			buildRules = (
			);
			dependencies = (
				FB2ECE681F8E13EB00727674 /* PBXTargetDependency */,
			);
			name = locatmeDemoUITests;
			productName = locatmeDemoUITests;
			productReference = FB2ECE661F8E13EB00727674 /* locatmeDemoUITests.xctest */;
			productType = "com.apple.product-type.bundle.ui-testing";
		};
/* End PBXNativeTarget section */

/* Begin PBXProject section */
		FB2ECE3F1F8E13EB00727674 /* Project object */ = {
			isa = PBXProject;
			attributes = {
				LastSwiftUpdateCheck = 0830;
				LastUpgradeCheck = 0830;
				ORGANIZATIONNAME = it4pme;
				TargetAttributes = {
					FB2ECE461F8E13EB00727674 = {
						CreatedOnToolsVersion = 8.3.3;
						DevelopmentTeam = F6QT4HABEZ;
						ProvisioningStyle = Automatic;
					};
					FB2ECE5A1F8E13EB00727674 = {
						CreatedOnToolsVersion = 8.3.3;
						DevelopmentTeam = F6QT4HABEZ;
						ProvisioningStyle = Automatic;
						TestTargetID = FB2ECE461F8E13EB00727674;
					};
					FB2ECE651F8E13EB00727674 = {
						CreatedOnToolsVersion = 8.3.3;
						DevelopmentTeam = F6QT4HABEZ;
						ProvisioningStyle = Automatic;
						TestTargetID = FB2ECE461F8E13EB00727674;
					};
				};
			};
			buildConfigurationList = FB2ECE421F8E13EB00727674 /* Build configuration list for PBXProject "locatmeDemo" */;
			compatibilityVersion = "Xcode 3.2";
			developmentRegion = English;
			hasScannedForEncodings = 0;
			knownRegions = (
				en,
				Base,
			);
			mainGroup = FB2ECE3E1F8E13EB00727674;
			productRefGroup = FB2ECE481F8E13EB00727674 /* Products */;
			projectDirPath = "";
			projectRoot = "";
			targets = (
				FB2ECE461F8E13EB00727674 /* locatmeDemo */,
				FB2ECE5A1F8E13EB00727674 /* locatmeDemoTests */,
				FB2ECE651F8E13EB00727674 /* locatmeDemoUITests */,
			);
		};
/* End PBXProject section */

/* Begin PBXResourcesBuildPhase section */
		FB2ECE451F8E13EB00727674 /* Resources */ = {
			isa = PBXResourcesBuildPhase;
			buildActionMask = 2147483647;
			files = (
				FB2ECE551F8E13EB00727674 /* LaunchScreen.storyboard in Resources */,
				FB2ECE521F8E13EB00727674 /* Assets.xcassets in Resources */,
				FB2ECE501F8E13EB00727674 /* Main.storyboard in Resources */,
			);
			runOnlyForDeploymentPostprocessing = 0;
		};
		FB2ECE591F8E13EB00727674 /* Resources */ = {
			isa = PBXResourcesBuildPhase;
			buildActionMask = 2147483647;
			files = (
			);
			runOnlyForDeploymentPostprocessing = 0;
		};
		FB2ECE641F8E13EB00727674 /* Resources */ = {
			isa = PBXResourcesBuildPhase;
			buildActionMask = 2147483647;
			files = (
			);
			runOnlyForDeploymentPostprocessing = 0;
		};
/* End PBXResourcesBuildPhase section */

/* Begin PBXSourcesBuildPhase section */
		FB2ECE431F8E13EB00727674 /* Sources */ = {
			isa = PBXSourcesBuildPhase;
			buildActionMask = 2147483647;
			files = (
				FB2ECE4D1F8E13EB00727674 /* ViewController.swift in Sources */,
				FB2ECE4B1F8E13EB00727674 /* AppDelegate.swift in Sources */,
			);
			runOnlyForDeploymentPostprocessing = 0;
		};
		FB2ECE571F8E13EB00727674 /* Sources */ = {
			isa = PBXSourcesBuildPhase;
			buildActionMask = 2147483647;
			files = (
				FB2ECE601F8E13EB00727674 /* locatmeDemoTests.swift in Sources */,
			);
			runOnlyForDeploymentPostprocessing = 0;
		};
		FB2ECE621F8E13EB00727674 /* Sources */ = {
			isa = PBXSourcesBuildPhase;
			buildActionMask = 2147483647;
			files = (
				FB2ECE6B1F8E13EB00727674 /* locatmeDemoUITests.swift in Sources */,
			);
			runOnlyForDeploymentPostprocessing = 0;
		};
/* End PBXSourcesBuildPhase section */

/* Begin PBXTargetDependency section */
		FB2ECE5D1F8E13EB00727674 /* PBXTargetDependency */ = {
			isa = PBXTargetDependency;
			target = FB2ECE461F8E13EB00727674 /* locatmeDemo */;
			targetProxy = FB2ECE5C1F8E13EB00727674 /* PBXContainerItemProxy */;
		};
		FB2ECE681F8E13EB00727674 /* PBXTargetDependency */ = {
			isa = PBXTargetDependency;
			target = FB2ECE461F8E13EB00727674 /* locatmeDemo */;
			targetProxy = FB2ECE671F8E13EB00727674 /* PBXContainerItemProxy */;
		};
/* End PBXTargetDependency section */

/* Begin PBXVariantGroup section */
		FB2ECE4E1F8E13EB00727674 /* Main.storyboard */ = {
			isa = PBXVariantGroup;
			children = (
				FB2ECE4F1F8E13EB00727674 /* Base */,
			);
			name = Main.storyboard;
			sourceTree = "<group>";
		};
		FB2ECE531F8E13EB00727674 /* LaunchScreen.storyboard */ = {
			isa = PBXVariantGroup;
			children = (
				FB2ECE541F8E13EB00727674 /* Base */,
			);
			name = LaunchScreen.storyboard;
			sourceTree = "<group>";
		};
/* End PBXVariantGroup section */

/* Begin XCBuildConfiguration section */
		FB2ECE6D1F8E13EB00727674 /* Debug */ = {
			isa = XCBuildConfiguration;
			buildSettings = {
				ALWAYS_SEARCH_USER_PATHS = NO;
				CLANG_ANALYZER_NONNULL = YES;
				CLANG_ANALYZER_NUMBER_OBJECT_CONVERSION = YES_AGGRESSIVE;
				CLANG_CXX_LANGUAGE_STANDARD = "gnu++0x";
				CLANG_CXX_LIBRARY = "libc++";
				CLANG_ENABLE_MODULES = YES;
				CLANG_ENABLE_OBJC_ARC = YES;
				CLANG_WARN_BOOL_CONVERSION = YES;
				CLANG_WARN_CONSTANT_CONVERSION = YES;
				CLANG_WARN_DIRECT_OBJC_ISA_USAGE = YES_ERROR;
				CLANG_WARN_DOCUMENTATION_COMMENTS = YES;
				CLANG_WARN_EMPTY_BODY = YES;
				CLANG_WARN_ENUM_CONVERSION = YES;
				CLANG_WARN_INFINITE_RECURSION = YES;
				CLANG_WARN_INT_CONVERSION = YES;
				CLANG_WARN_OBJC_ROOT_CLASS = YES_ERROR;
				CLANG_WARN_SUSPICIOUS_MOVE = YES;
				CLANG_WARN_UNREACHABLE_CODE = YES;
				CLANG_WARN__DUPLICATE_METHOD_MATCH = YES;
				"CODE_SIGN_IDENTITY[sdk=iphoneos*]" = "iPhone Developer";
				COPY_PHASE_STRIP = NO;
				DEBUG_INFORMATION_FORMAT = dwarf;
				ENABLE_STRICT_OBJC_MSGSEND = YES;
				ENABLE_TESTABILITY = YES;
				GCC_C_LANGUAGE_STANDARD = gnu99;
				GCC_DYNAMIC_NO_PIC = NO;
				GCC_NO_COMMON_BLOCKS = YES;
				GCC_OPTIMIZATION_LEVEL = 0;
				GCC_PREPROCESSOR_DEFINITIONS = (
					"DEBUG=1",
					"$(inherited)",
				);
				GCC_WARN_64_TO_32_BIT_CONVERSION = YES;
				GCC_WARN_ABOUT_RETURN_TYPE = YES_ERROR;
				GCC_WARN_UNDECLARED_SELECTOR = YES;
				GCC_WARN_UNINITIALIZED_AUTOS = YES_AGGRESSIVE;
				GCC_WARN_UNUSED_FUNCTION = YES;
				GCC_WARN_UNUSED_VARIABLE = YES;
				IPHONEOS_DEPLOYMENT_TARGET = 10.3;
				MTL_ENABLE_DEBUG_INFO = YES;
				ONLY_ACTIVE_ARCH = YES;
				SDKROOT = iphoneos;
				SWIFT_ACTIVE_COMPILATION_CONDITIONS = DEBUG;
				SWIFT_OPTIMIZATION_LEVEL = "-Onone";
				TARGETED_DEVICE_FAMILY = "1,2";
			};
			name = Debug;
		};
		FB2ECE6E1F8E13EB00727674 /* Release */ = {
			isa = XCBuildConfiguration;
			buildSettings = {
				ALWAYS_SEARCH_USER_PATHS = NO;
				CLANG_ANALYZER_NONNULL = YES;
				CLANG_ANALYZER_NUMBER_OBJECT_CONVERSION = YES_AGGRESSIVE;
				CLANG_CXX_LANGUAGE_STANDARD = "gnu++0x";
				CLANG_CXX_LIBRARY = "libc++";
				CLANG_ENABLE_MODULES = YES;
				CLANG_ENABLE_OBJC_ARC = YES;
				CLANG_WARN_BOOL_CONVERSION = YES;
				CLANG_WARN_CONSTANT_CONVERSION = YES;
				CLANG_WARN_DIRECT_OBJC_ISA_USAGE = YES_ERROR;
				CLANG_WARN_DOCUMENTATION_COMMENTS = YES;
				CLANG_WARN_EMPTY_BODY = YES;
				CLANG_WARN_ENUM_CONVERSION = YES;
				CLANG_WARN_INFINITE_RECURSION = YES;
				CLANG_WARN_INT_CONVERSION = YES;
				CLANG_WARN_OBJC_ROOT_CLASS = YES_ERROR;
				CLANG_WARN_SUSPICIOUS_MOVE = YES;
				CLANG_WARN_UNREACHABLE_CODE = YES;
				CLANG_WARN__DUPLICATE_METHOD_MATCH = YES;
				"CODE_SIGN_IDENTITY[sdk=iphoneos*]" = "iPhone Developer";
				COPY_PHASE_STRIP = NO;
				DEBUG_INFORMATION_FORMAT = "dwarf-with-dsym";
				ENABLE_NS_ASSERTIONS = NO;
				ENABLE_STRICT_OBJC_MSGSEND = YES;
				GCC_C_LANGUAGE_STANDARD = gnu99;
				GCC_NO_COMMON_BLOCKS = YES;
				GCC_WARN_64_TO_32_BIT_CONVERSION = YES;
				GCC_WARN_ABOUT_RETURN_TYPE = YES_ERROR;
				GCC_WARN_UNDECLARED_SELECTOR = YES;
				GCC_WARN_UNINITIALIZED_AUTOS = YES_AGGRESSIVE;
				GCC_WARN_UNUSED_FUNCTION = YES;
				GCC_WARN_UNUSED_VARIABLE = YES;
				IPHONEOS_DEPLOYMENT_TARGET = 10.3;
				MTL_ENABLE_DEBUG_INFO = NO;
				SDKROOT = iphoneos;
				SWIFT_OPTIMIZATION_LEVEL = "-Owholemodule";
				TARGETED_DEVICE_FAMILY = "1,2";
				VALIDATE_PRODUCT = YES;
			};
			name = Release;
		};
		FB2ECE701F8E13EB00727674 /* Debug */ = {
			isa = XCBuildConfiguration;
			buildSettings = {
				ASSETCATALOG_COMPILER_APPICON_NAME = AppIcon;
				DEVELOPMENT_TEAM = F6QT4HABEZ;
				INFOPLIST_FILE = locatmeDemo/Info.plist;
				LD_RUNPATH_SEARCH_PATHS = "$(inherited) @executable_path/Frameworks";
				PRODUCT_BUNDLE_IDENTIFIER = it4pme.locatmeDemo;
				PRODUCT_NAME = "$(TARGET_NAME)";
				SWIFT_VERSION = 3.0;
			};
			name = Debug;
		};
		FB2ECE711F8E13EB00727674 /* Release */ = {
			isa = XCBuildConfiguration;
			buildSettings = {
				ASSETCATALOG_COMPILER_APPICON_NAME = AppIcon;
				DEVELOPMENT_TEAM = F6QT4HABEZ;
				INFOPLIST_FILE = locatmeDemo/Info.plist;
				LD_RUNPATH_SEARCH_PATHS = "$(inherited) @executable_path/Frameworks";
				PRODUCT_BUNDLE_IDENTIFIER = it4pme.locatmeDemo;
				PRODUCT_NAME = "$(TARGET_NAME)";
				SWIFT_VERSION = 3.0;
			};
			name = Release;
		};
		FB2ECE731F8E13EB00727674 /* Debug */ = {
			isa = XCBuildConfiguration;
			buildSettings = {
				ALWAYS_EMBED_SWIFT_STANDARD_LIBRARIES = YES;
				BUNDLE_LOADER = "$(TEST_HOST)";
				DEVELOPMENT_TEAM = F6QT4HABEZ;
				INFOPLIST_FILE = locatmeDemoTests/Info.plist;
				LD_RUNPATH_SEARCH_PATHS = "$(inherited) @executable_path/Frameworks @loader_path/Frameworks";
				PRODUCT_BUNDLE_IDENTIFIER = it4pme.locatmeDemoTests;
				PRODUCT_NAME = "$(TARGET_NAME)";
				SWIFT_VERSION = 3.0;
				TEST_HOST = "$(BUILT_PRODUCTS_DIR)/locatmeDemo.app/locatmeDemo";
			};
			name = Debug;
		};
		FB2ECE741F8E13EB00727674 /* Release */ = {
			isa = XCBuildConfiguration;
			buildSettings = {
				ALWAYS_EMBED_SWIFT_STANDARD_LIBRARIES = YES;
				BUNDLE_LOADER = "$(TEST_HOST)";
				DEVELOPMENT_TEAM = F6QT4HABEZ;
				INFOPLIST_FILE = locatmeDemoTests/Info.plist;
				LD_RUNPATH_SEARCH_PATHS = "$(inherited) @executable_path/Frameworks @loader_path/Frameworks";
				PRODUCT_BUNDLE_IDENTIFIER = it4pme.locatmeDemoTests;
				PRODUCT_NAME = "$(TARGET_NAME)";
				SWIFT_VERSION = 3.0;
				TEST_HOST = "$(BUILT_PRODUCTS_DIR)/locatmeDemo.app/locatmeDemo";
			};
			name = Release;
		};
		FB2ECE761F8E13EB00727674 /* Debug */ = {
			isa = XCBuildConfiguration;
			buildSettings = {
				ALWAYS_EMBED_SWIFT_STANDARD_LIBRARIES = YES;
				DEVELOPMENT_TEAM = F6QT4HABEZ;
				INFOPLIST_FILE = locatmeDemoUITests/Info.plist;
				LD_RUNPATH_SEARCH_PATHS = "$(inherited) @executable_path/Frameworks @loader_path/Frameworks";
				PRODUCT_BUNDLE_IDENTIFIER = it4pme.locatmeDemoUITests;
				PRODUCT_NAME = "$(TARGET_NAME)";
				SWIFT_VERSION = 3.0;
				TEST_TARGET_NAME = locatmeDemo;
			};
			name = Debug;
		};
		FB2ECE771F8E13EB00727674 /* Release */ = {
			isa = XCBuildConfiguration;
			buildSettings = {
				ALWAYS_EMBED_SWIFT_STANDARD_LIBRARIES = YES;
				DEVELOPMENT_TEAM = F6QT4HABEZ;
				INFOPLIST_FILE = locatmeDemoUITests/Info.plist;
				LD_RUNPATH_SEARCH_PATHS = "$(inherited) @executable_path/Frameworks @loader_path/Frameworks";
				PRODUCT_BUNDLE_IDENTIFIER = it4pme.locatmeDemoUITests;
				PRODUCT_NAME = "$(TARGET_NAME)";
				SWIFT_VERSION = 3.0;
				TEST_TARGET_NAME = locatmeDemo;
			};
			name = Release;
		};
/* End XCBuildConfiguration section */

/* Begin XCConfigurationList section */
		FB2ECE421F8E13EB00727674 /* Build configuration list for PBXProject "locatmeDemo" */ = {
			isa = XCConfigurationList;
			buildConfigurations = (
				FB2ECE6D1F8E13EB00727674 /* Debug */,
				FB2ECE6E1F8E13EB00727674 /* Release */,
			);
			defaultConfigurationIsVisible = 0;
			defaultConfigurationName = Release;
		};
		FB2ECE6F1F8E13EB00727674 /* Build configuration list for PBXNativeTarget "locatmeDemo" */ = {
			isa = XCConfigurationList;
			buildConfigurations = (
				FB2ECE701F8E13EB00727674 /* Debug */,
				FB2ECE711F8E13EB00727674 /* Release */,
			);
			defaultConfigurationIsVisible = 0;
		};
		FB2ECE721F8E13EB00727674 /* Build configuration list for PBXNativeTarget "locatmeDemoTests" */ = {
			isa = XCConfigurationList;
			buildConfigurations = (
				FB2ECE731F8E13EB00727674 /* Debug */,
				FB2ECE741F8E13EB00727674 /* Release */,
			);
			defaultConfigurationIsVisible = 0;
		};
		FB2ECE751F8E13EB00727674 /* Build configuration list for PBXNativeTarget "locatmeDemoUITests" */ = {
			isa = XCConfigurationList;
			buildConfigurations = (
				FB2ECE761F8E13EB00727674 /* Debug */,
				FB2ECE771F8E13EB00727674 /* Release */,
			);
			defaultConfigurationIsVisible = 0;
		};
/* End XCConfigurationList section */
	};
	rootObject = FB2ECE3F1F8E13EB00727674 /* Project object */;
}
